
Microsoft Visual Studio Solution File, Format Version 12.00
# Visual Studio Version 16
VisualStudioVersion = 16.0.31129.286
MinimumVisualStudioVersion = 10.0.40219.1
Project("{9A19103F-16F7-4668-BE54-9A1E7A4F7556}") = "EFT.RunDigitalCheckScanner.Api", "EFT.RunDigitalCheckScanner.Api\EFT.RunDigitalCheckScanner.Api.csproj", "{25447423-DA42-41C4-B11A-57BB80C589E2}"
EndProject
Project("{9A19103F-16F7-4668-BE54-9A1E7A4F7556}") = "EFT.RunDigitalCheckScanner.Services", "EFT.RunDigitalCheckScanner.Services\EFT.RunDigitalCheckScanner.Services.csproj", "{1C9A0560-E44F-473F-99D7-EAC983AC65C1}"
EndProject
Project("{FAE04EC0-301F-11D3-BF4B-00C04F79EFBC}") = "EFT.RunDigitalCheckScanner.Repo", "EFT.RunDigitalCheckScanner.Repo\EFT.RunDigitalCheckScanner.Repo.csproj", "{9AEAE2DD-9A38-4332-A959-3A9BF350C6D9}"
EndProject
Project("{FAE04EC0-301F-11D3-BF4B-00C04F79EFBC}") = "EFT.RunDigitalCheckScanner.Common", "EFT.RunDigitalCheckScanner.Common\EFT.RunDigitalCheckScanner.Common.csproj", "{0FDCE24B-A7F9-43D7-A889-7ED5B3999071}"
EndProject
Global
	GlobalSection(SolutionConfigurationPlatforms) = preSolution
		Debug|Any CPU = Debug|Any CPU
		Release|Any CPU = Release|Any CPU
	EndGlobalSection
	GlobalSection(ProjectConfigurationPlatforms) = postSolution
		{25447423-DA42-41C4-B11A-57BB80C589E2}.Debug|Any CPU.ActiveCfg = Debug|Any CPU
		{25447423-DA42-41C4-B11A-57BB80C589E2}.Debug|Any CPU.Build.0 = Debug|Any CPU
		{25447423-DA42-41C4-B11A-57BB80C589E2}.Release|Any CPU.ActiveCfg = Release|Any CPU
		{25447423-DA42-41C4-B11A-57BB80C589E2}.Release|Any CPU.Build.0 = Release|Any CPU
		{1C9A0560-E44F-473F-99D7-EAC983AC65C1}.Debug|Any CPU.ActiveCfg = Debug|Any CPU
		{1C9A0560-E44F-473F-99D7-EAC983AC65C1}.Debug|Any CPU.Build.0 = Debug|Any CPU
		{1C9A0560-E44F-473F-99D7-EAC983AC65C1}.Release|Any CPU.ActiveCfg = Release|Any CPU
		{1C9A0560-E44F-473F-99D7-EAC983AC65C1}.Release|Any CPU.Build.0 = Release|Any CPU
		{9AEAE2DD-9A38-4332-A959-3A9BF350C6D9}.Debug|Any CPU.ActiveCfg = Debug|Any CPU
		{9AEAE2DD-9A38-4332-A959-3A9BF350C6D9}.Debug|Any CPU.Build.0 = Debug|Any CPU
		{9AEAE2DD-9A38-4332-A959-3A9BF350C6D9}.Release|Any CPU.ActiveCfg = Release|Any CPU
		{9AEAE2DD-9A38-4332-A959-3A9BF350C6D9}.Release|Any CPU.Build.0 = Release|Any CPU
		{0FDCE24B-A7F9-43D7-A889-7ED5B3999071}.Debug|Any CPU.ActiveCfg = Debug|Any CPU
		{0FDCE24B-A7F9-43D7-A889-7ED5B3999071}.Debug|Any CPU.Build.0 = Debug|Any CPU
		{0FDCE24B-A7F9-43D7-A889-7ED5B3999071}.Release|Any CPU.ActiveCfg = Release|Any CPU
		{0FDCE24B-A7F9-43D7-A889-7ED5B3999071}.Release|Any CPU.Build.0 = Release|Any CPU
	EndGlobalSection
	GlobalSection(SolutionProperties) = preSolution
		HideSolutionNode = FALSE
	EndGlobalSection
	GlobalSection(ExtensibilityGlobals) = postSolution
		SolutionGuid = {87C0D639-A9C5-4F1E-A733-8BE0BC73426A}
	EndGlobalSection
EndGlobal
